# @generated - this file is auto-generated by `mise lock` https://mise.jdx.dev/dev-tools/mise-lock.html

[[tools."aqua:rust-cross/cargo-zigbuild"]]
version = "0.23.4"
backend = "aqua:rust-cross/cargo-zigbuild"

[tools."aqua:rust-cross/cargo-zigbuild"."platforms.linux-arm64"]
checksum = "sha256:25cf2cdc6cde848b33a761ff2cf46d1efe6ba7e1adfc4b6f3ee2d570cacb5419"
url = "https://github.com/rust-cross/cargo-zigbuild/releases/download/v0.23.4/cargo-zigbuild-aarch64-unknown-linux-gnu.tar.xz"
url_api = "https://api.github.com/repos/rust-cross/cargo-zigbuild/releases/assets/541272860"

[tools."aqua:rust-cross/cargo-zigbuild"."platforms.linux-x64"]
checksum = "sha256:6b69963040818ca1ef573d8135a95aa902e17cf7f873c32c6426642dadfe7f59"
url = "https://github.com/rust-cross/cargo-zigbuild/releases/download/v0.23.4/cargo-zigbuild-x86_64-unknown-linux-gnu.tar.xz"
url_api = "https://api.github.com/repos/rust-cross/cargo-zigbuild/releases/assets/541272889"

[tools."aqua:rust-cross/cargo-zigbuild"."platforms.linux-x64-musl"]
checksum = "sha256:9e3cf73485edbd45905c8aadbc0fdf869c7ddc3848f0c898229f2680db52e44b"
url = "https://github.com/rust-cross/cargo-zigbuild/releases/download/v0.23.4/cargo-zigbuild-x86_64-unknown-linux-musl.tar.xz"
url_api = "https://api.github.com/repos/rust-cross/cargo-zigbuild/releases/assets/541272909"

[tools."aqua:rust-cross/cargo-zigbuild"."platforms.macos-arm64"]
checksum = "sha256:ca2369ae1a9995542206a6c18dd372acff94dddeb9d7c07e09bfb7594197cea3"
url = "https://github.com/rust-cross/cargo-zigbuild/releases/download/v0.23.4/cargo-zigbuild-aarch64-apple-darwin.tar.xz"
url_api = "https://api.github.com/repos/rust-cross/cargo-zigbuild/releases/assets/541272865"

[tools."aqua:rust-cross/cargo-zigbuild"."platforms.macos-x64"]
checksum = "sha256:79463de3b10811fcebe91a3771f9658a2e40178eb6de66a2d379d12fe5317b6c"
url = "https://github.com/rust-cross/cargo-zigbuild/releases/download/v0.23.4/cargo-zigbuild-x86_64-apple-darwin.tar.xz"
url_api = "https://api.github.com/repos/rust-cross/cargo-zigbuild/releases/assets/541272875"

[tools."aqua:rust-cross/cargo-zigbuild"."platforms.windows-x64"]
checksum = "sha256:cd1226091f9f99ac7b46fb413968fb0b46edbe3ea961817d31b968352de4d4a6"
url = "https://github.com/rust-cross/cargo-zigbuild/releases/download/v0.23.4/cargo-zigbuild-x86_64-pc-windows-msvc.zip"
url_api = "https://api.github.com/repos/rust-cross/cargo-zigbuild/releases/assets/541272877"

[[tools.cargo-insta]]
version = "1.48.0"
backend = "aqua:mitsuhiko/insta"

[tools.cargo-insta."platforms.linux-x64"]
checksum = "sha256:1c05a480a5a7f755f0ea15b2d8e2f71ad51b9c3a270d38ac72005c57ac0a1487"
url = "https://github.com/mitsuhiko/insta/releases/download/1.48.0/cargo-insta-x86_64-unknown-linux-gnu.tar.xz"
url_api = "https://api.github.com/repos/mitsuhiko/insta/releases/assets/444757866"

[tools.cargo-insta."platforms.linux-x64-musl"]
checksum = "sha256:703aa7d151ae59cac0bf8e7c2c27da4aca8070f3cb178f624ae10621ef77f5f5"
url = "https://github.com/mitsuhiko/insta/releases/download/1.48.0/cargo-insta-x86_64-unknown-linux-musl.tar.xz"
url_api = "https://api.github.com/repos/mitsuhiko/insta/releases/assets/444757872"

[tools.cargo-insta."platforms.macos-arm64"]
checksum = "sha256:26f081f5bf62d1dc03aae9c4137188d66a2debe6bcaf2884f2153fcb6eda27cb"
url = "https://github.com/mitsuhiko/insta/releases/download/1.48.0/cargo-insta-aarch64-apple-darwin.tar.xz"
url_api = "https://api.github.com/repos/mitsuhiko/insta/releases/assets/444757856"

[tools.cargo-insta."platforms.macos-x64"]
checksum = "sha256:e2d6d6fa4bcb30f7d4834f6254a6da7f2982a9e9a3882695aca5e83d64231267"
url = "https://github.com/mitsuhiko/insta/releases/download/1.48.0/cargo-insta-x86_64-apple-darwin.tar.xz"
url_api = "https://api.github.com/repos/mitsuhiko/insta/releases/assets/444757859"

[tools.cargo-insta."platforms.windows-x64"]
checksum = "sha256:7e23929588aaf5daff1e93bfc4addca7ccf55195444e84552b6588c9d864642e"
url = "https://github.com/mitsuhiko/insta/releases/download/1.48.0/cargo-insta-x86_64-pc-windows-msvc.zip"
url_api = "https://api.github.com/repos/mitsuhiko/insta/releases/assets/444757862"

[[tools.node]]
version = "24.21.0"
backend = "core:node"

[tools.node."platforms.linux-arm64"]
checksum = "sha256:724282c3b43aec998aa9527380465b45d229e021b58035f5f4f63095eabfe5d5"
url = "https://nodejs.org/dist/v24.21.0/node-v24.21.0-linux-arm64.tar.gz"

[tools.node."platforms.linux-arm64-musl"]
checksum = "sha256:3048b0811e158ca0d8672b59c839861763e144492980d8d29b369dfee45747e4"
url = "https://unofficial-builds.nodejs.org/download/release/v24.21.0/node-v24.21.0-linux-arm64-musl.tar.gz"

[tools.node."platforms.linux-x64"]
checksum = "sha256:6e1db87ef58b8819e5d5402eff1536491b18edd8eb7bee5ef7897876e88dc5ff"
url = "https://nodejs.org/dist/v24.21.0/node-v24.21.0-linux-x64.tar.gz"

[tools.node."platforms.linux-x64-musl"]
checksum = "sha256:01a713e34da98e7b4d2a3191ee7ca3f93dd0384d1a2ef23c379b2161ee6e133a"
url = "https://unofficial-builds.nodejs.org/download/release/v24.21.0/node-v24.21.0-linux-x64-musl.tar.gz"

[tools.node."platforms.macos-arm64"]
checksum = "sha256:bed7eea5325e1108f32ce5228ddd6a5f0f08a499ee42aa7442aea583702f6057"
url = "https://nodejs.org/dist/v24.21.0/node-v24.21.0-darwin-arm64.tar.gz"

[tools.node."platforms.macos-x64"]
checksum = "sha256:1462cb3b3046b815cf8ea436d3da450ec1a9f11dac7e5a46b0ada5305d7e8097"
url = "https://nodejs.org/dist/v24.21.0/node-v24.21.0-darwin-x64.tar.gz"

[tools.node."platforms.windows-x64"]
checksum = "sha256:158f7685b44de51f6c0df1d153526cbcd3e1bc739a8dfc607721cef75de9e541"
url = "https://nodejs.org/dist/v24.21.0/node-v24.21.0-win-x64.zip"

[[tools.rust]]
version = "1.98.1"
backend = "core:rust"

[tools.rust.options]
components = "clippy,rustfmt"
profile = "minimal"

[[tools.zig]]
version = "0.14.1"
backend = "core:zig"

[tools.zig."platforms.linux-arm64"]
checksum = "sha256:f7a654acc967864f7a050ddacfaa778c7504a0eca8d2b678839c21eea47c992b"
url = "https://ziglang.org/download/0.14.1/zig-aarch64-linux-0.14.1.tar.xz"

[tools.zig."platforms.linux-arm64-musl"]
checksum = "sha256:f7a654acc967864f7a050ddacfaa778c7504a0eca8d2b678839c21eea47c992b"
url = "https://ziglang.org/download/0.14.1/zig-aarch64-linux-0.14.1.tar.xz"

[tools.zig."platforms.linux-x64"]
checksum = "sha256:24aeeec8af16c381934a6cd7d95c807a8cb2cf7df9fa40d359aa884195c4716c"
url = "https://ziglang.org/download/0.14.1/zig-x86_64-linux-0.14.1.tar.xz"

[tools.zig."platforms.linux-x64-musl"]
checksum = "sha256:24aeeec8af16c381934a6cd7d95c807a8cb2cf7df9fa40d359aa884195c4716c"
url = "https://ziglang.org/download/0.14.1/zig-x86_64-linux-0.14.1.tar.xz"

[tools.zig."platforms.macos-arm64"]
checksum = "sha256:39f3dc5e79c22088ce878edc821dedb4ca5a1cd9f5ef915e9b3cc3053e8faefa"
url = "https://ziglang.org/download/0.14.1/zig-aarch64-macos-0.14.1.tar.xz"
provenance = "minisign"

[tools.zig."platforms.macos-x64"]
checksum = "sha256:b0f8bdfb9035783db58dd6c19d7dea89892acc3814421853e5752fe4573e5f43"
url = "https://ziglang.org/download/0.14.1/zig-x86_64-macos-0.14.1.tar.xz"

[tools.zig."platforms.windows-x64"]
checksum = "sha256:554f5378228923ffd558eac35e21af020c73789d87afeabf4bfd16f2e6feed2c"
url = "https://ziglang.org/download/0.14.1/zig-x86_64-windows-0.14.1.zip"
